{
  "name": "VRT_TB",
  "lockfileVersion": 3,
  "requires": true,
  "packages": {
    "": {
      "dependencies": {
        "leaflet.offline": "^3.0.1"
      }
    },
    "node_modules/idb": {
      "version": "7.1.1",
      "resolved": "https://registry.npmjs.org/idb/-/idb-7.1.1.tgz",
      "integrity": "sha512-gchesWBzyvGHRO9W8tzUWFDycow5gwjvFKfyV9FF32Y7F50yZMp7mP+T2mJIWFx49zicqyC4uefHM17o6xKIVQ=="
    },
    "node_modules/leaflet": {
      "version": "1.9.4",
      "resolved": "https://registry.npmjs.org/leaflet/-/leaflet-1.9.4.tgz",
      "integrity": "sha512-nxS1ynzJOmOlHp+iL3FyWqK89GtNL8U8rvlMOsQdTTssxZwCXh8N2NB3GDQOL+YR3XnWyZAxwQixURb+FA74PA=="
    },
    "node_modules/leaflet.offline": {
      "version": "3.0.1",
      "resolved": "https://registry.npmjs.org/leaflet.offline/-/leaflet.offline-3.0.1.tgz",
      "integrity": "sha512-sxGKa0j44bcdytU23bnPMkAPzfCo4mxA7oQeprLbIvkI1TsHO02askIRHPzWupeHA5IK0uUbyf52Ppi7KaRW1w==",
      "dependencies": {
        "idb": "^7.1.1",
        "leaflet": "^1.6.0"
      },
      "engines": {
        "node": ">=16"
      }
    }
  }
}
